
Microsoft Visual Studio Solution File, Format Version 9.00
# Visual C++ Express 2005
Project("{8BC9CEB8-8B4A-11D0-8D11-00A0C91BC942}") = "metronome", "metronome.vcproj", "{84DF8E49-BB5A-4162-B83F-E436BB8EA354}"
EndProject
Global
	GlobalSection(SolutionConfigurationPlatforms) = preSolution
		Debug|Win32 = Debug|Win32
		Release|Win32 = Release|Win32
		WAV Debug|Win32 = WAV Debug|Win32
		WAV Release|Win32 = WAV Release|Win32
	EndGlobalSection
	GlobalSection(ProjectConfigurationPlatforms) = postSolution
		{84DF8E49-BB5A-4162-B83F-E436BB8EA354}.Debug|Win32.ActiveCfg = Debug|Win32
		{84DF8E49-BB5A-4162-B83F-E436BB8EA354}.Debug|Win32.Build.0 = Debug|Win32
		{84DF8E49-BB5A-4162-B83F-E436BB8EA354}.Release|Win32.ActiveCfg = Release|Win32
		{84DF8E49-BB5A-4162-B83F-E436BB8EA354}.Release|Win32.Build.0 = Release|Win32
		{84DF8E49-BB5A-4162-B83F-E436BB8EA354}.WAV Debug|Win32.ActiveCfg = WAV Debug|Win32
		{84DF8E49-BB5A-4162-B83F-E436BB8EA354}.WAV Debug|Win32.Build.0 = WAV Debug|Win32
		{84DF8E49-BB5A-4162-B83F-E436BB8EA354}.WAV Release|Win32.ActiveCfg = WAV Release|Win32
		{84DF8E49-BB5A-4162-B83F-E436BB8EA354}.WAV Release|Win32.Build.0 = WAV Release|Win32
	EndGlobalSection
	GlobalSection(SolutionProperties) = preSolution
		HideSolutionNode = FALSE
	EndGlobalSection
EndGlobal
